
Microsoft Visual Studio Solution File, Format Version 12.00
# Visual Studio Version 17
VisualStudioVersion = 17.6.33712.159
MinimumVisualStudioVersion = 10.0.40219.1
Project("{888888A0-9F3D-457C-B088-3A5042F75D52}") = "PythonProjectsForUniversity", "PythonProjectsForUniversity.pyproj", "{90FEA17C-8CBF-441B-ABD1-69DE72597BFD}"
EndProject
Project("{888888A0-9F3D-457C-B088-3A5042F75D52}") = "PythonProjectsForUniversity1", "PythonProjectsForUniversity1.pyproj", "{F2595F46-088B-45EF-967C-E7AAFAB55FC3}"
EndProject
Global
	GlobalSection(SolutionConfigurationPlatforms) = preSolution
		Debug|Any CPU = Debug|Any CPU
		Release|Any CPU = Release|Any CPU
	EndGlobalSection
	GlobalSection(ProjectConfigurationPlatforms) = postSolution
		{90FEA17C-8CBF-441B-ABD1-69DE72597BFD}.Debug|Any CPU.ActiveCfg = Debug|Any CPU
		{90FEA17C-8CBF-441B-ABD1-69DE72597BFD}.Release|Any CPU.ActiveCfg = Release|Any CPU
		{F2595F46-088B-45EF-967C-E7AAFAB55FC3}.Debug|Any CPU.ActiveCfg = Debug|Any CPU
		{F2595F46-088B-45EF-967C-E7AAFAB55FC3}.Release|Any CPU.ActiveCfg = Release|Any CPU
	EndGlobalSection
	GlobalSection(SolutionProperties) = preSolution
		HideSolutionNode = FALSE
	EndGlobalSection
	GlobalSection(ExtensibilityGlobals) = postSolution
		SolutionGuid = {064156AF-D793-482E-9351-64150386EEB0}
	EndGlobalSection
EndGlobal
